
Microsoft Visual Studio Solution File, Format Version 12.00
# Visual Studio Version 17
VisualStudioVersion = 17.2.32616.157
MinimumVisualStudioVersion = 10.0.40219.1
Project("{FAE04EC0-301F-11D3-BF4B-00C04F79EFBC}") = "ShortUrl.Api", "ShortUrl.Api\ShortUrl.Api.csproj", "{CF367595-E87A-431A-9AF5-5832B78375A2}"
EndProject
Project("{FAE04EC0-301F-11D3-BF4B-00C04F79EFBC}") = "ShortUrl.Domain", "ShortUrl.Domain\ShortUrl.Domain.csproj", "{C0EECC85-36DD-40AE-8926-FED95DDCA62A}"
EndProject
Project("{FAE04EC0-301F-11D3-BF4B-00C04F79EFBC}") = "ShortUrl.Persistence", "ShortUrl.Persistence\ShortUrl.Persistence.csproj", "{2F183951-3634-4DBE-B00B-4447745FE514}"
EndProject
Global
	GlobalSection(SolutionConfigurationPlatforms) = preSolution
		Debug|Any CPU = Debug|Any CPU
		Release|Any CPU = Release|Any CPU
	EndGlobalSection
	GlobalSection(ProjectConfigurationPlatforms) = postSolution
		{CF367595-E87A-431A-9AF5-5832B78375A2}.Debug|Any CPU.ActiveCfg = Debug|Any CPU
		{CF367595-E87A-431A-9AF5-5832B78375A2}.Debug|Any CPU.Build.0 = Debug|Any CPU
		{CF367595-E87A-431A-9AF5-5832B78375A2}.Release|Any CPU.ActiveCfg = Release|Any CPU
		{CF367595-E87A-431A-9AF5-5832B78375A2}.Release|Any CPU.Build.0 = Release|Any CPU
		{C0EECC85-36DD-40AE-8926-FED95DDCA62A}.Debug|Any CPU.ActiveCfg = Debug|Any CPU
		{C0EECC85-36DD-40AE-8926-FED95DDCA62A}.Debug|Any CPU.Build.0 = Debug|Any CPU
		{C0EECC85-36DD-40AE-8926-FED95DDCA62A}.Release|Any CPU.ActiveCfg = Release|Any CPU
		{C0EECC85-36DD-40AE-8926-FED95DDCA62A}.Release|Any CPU.Build.0 = Release|Any CPU
		{2F183951-3634-4DBE-B00B-4447745FE514}.Debug|Any CPU.ActiveCfg = Debug|Any CPU
		{2F183951-3634-4DBE-B00B-4447745FE514}.Debug|Any CPU.Build.0 = Debug|Any CPU
		{2F183951-3634-4DBE-B00B-4447745FE514}.Release|Any CPU.ActiveCfg = Release|Any CPU
		{2F183951-3634-4DBE-B00B-4447745FE514}.Release|Any CPU.Build.0 = Release|Any CPU
	EndGlobalSection
	GlobalSection(SolutionProperties) = preSolution
		HideSolutionNode = FALSE
	EndGlobalSection
	GlobalSection(ExtensibilityGlobals) = postSolution
		SolutionGuid = {94B771ED-885E-466D-8F28-3D763AE48271}
	EndGlobalSection
EndGlobal
